
Microsoft Visual Studio Solution File, Format Version 12.00
# Visual Studio 14
VisualStudioVersion = 14.0.25420.1
MinimumVisualStudioVersion = 10.0.40219.1
Project("{FAE04EC0-301F-11D3-BF4B-00C04F79EFBC}") = "ENETCareWebFormApp", "ENETCareWebFormApp\ENETCareWebFormApp.csproj", "{B84E6480-E3F2-40E7-9A03-5466EACE4E28}"
EndProject
Project("{FAE04EC0-301F-11D3-BF4B-00C04F79EFBC}") = "ENETCareWebFormApp.Tests", "ENETCareWebFormApp.Tests\ENETCareWebFormApp.Tests.csproj", "{55135329-C790-4843-929C-8B42B533E30E}"
EndProject
Global
	GlobalSection(SolutionConfigurationPlatforms) = preSolution
		Debug|Any CPU = Debug|Any CPU
		Release|Any CPU = Release|Any CPU
	EndGlobalSection
	GlobalSection(ProjectConfigurationPlatforms) = postSolution
		{B84E6480-E3F2-40E7-9A03-5466EACE4E28}.Debug|Any CPU.ActiveCfg = Debug|Any CPU
		{B84E6480-E3F2-40E7-9A03-5466EACE4E28}.Debug|Any CPU.Build.0 = Debug|Any CPU
		{B84E6480-E3F2-40E7-9A03-5466EACE4E28}.Release|Any CPU.ActiveCfg = Release|Any CPU
		{B84E6480-E3F2-40E7-9A03-5466EACE4E28}.Release|Any CPU.Build.0 = Release|Any CPU
		{55135329-C790-4843-929C-8B42B533E30E}.Debug|Any CPU.ActiveCfg = Debug|Any CPU
		{55135329-C790-4843-929C-8B42B533E30E}.Debug|Any CPU.Build.0 = Debug|Any CPU
		{55135329-C790-4843-929C-8B42B533E30E}.Release|Any CPU.ActiveCfg = Release|Any CPU
		{55135329-C790-4843-929C-8B42B533E30E}.Release|Any CPU.Build.0 = Release|Any CPU
	EndGlobalSection
	GlobalSection(SolutionProperties) = preSolution
		HideSolutionNode = FALSE
	EndGlobalSection
EndGlobal
